
Microsoft Visual Studio Solution File, Format Version 12.00
# Visual Studio 14
VisualStudioVersion = 14.0.24720.0
MinimumVisualStudioVersion = 10.0.40219.1
Project("{2150E333-8FDC-42A3-9474-1A3956D46DE8}") = "Logic", "Logic", "{061586D2-8115-4885-9381-97AA846188E3}"
EndProject
Project("{2150E333-8FDC-42A3-9474-1A3956D46DE8}") = "Rui", "Rui", "{3EC6C2A6-3541-42C2-976B-BD8BD305E971}"
EndProject
Project("{FAE04EC0-301F-11D3-BF4B-00C04F79EFBC}") = "RuiRuiUpdate", "RuiRuiUpdate\RuiRuiUpdate.csproj", "{A8195D3F-BEF5-4309-8779-A652E393BBED}"
EndProject
Project("{2150E333-8FDC-42A3-9474-1A3956D46DE8}") = "Discord", "Discord", "{77733061-E122-471C-94FB-D85556BF6D0D}"
EndProject
Project("{2150E333-8FDC-42A3-9474-1A3956D46DE8}") = "src", "src", "{8D7989F0-66CE-4DBB-8230-D8C811E9B1D7}"
EndProject
Project("{2150E333-8FDC-42A3-9474-1A3956D46DE8}") = "netplatform", "netplatform", "{EA68EBE2-51C8-4440-9EF7-D633C90A5D35}"
EndProject
Project("{8BB2217D-0F2D-49D1-97BC-3654ED321F3B}") = "Discord.Net", "Discord.Net\src\Discord.Net\Discord.Net.xproj", "{ACFB060B-EC8A-4926-B293-04C01E17EE23}"
EndProject
Project("{8BB2217D-0F2D-49D1-97BC-3654ED321F3B}") = "Discord.Net.Commands", "Discord.Net\src\Discord.Net.Commands\Discord.Net.Commands.xproj", "{19793545-EF89-48F4-8100-3EBAAD0A9141}"
EndProject
Project("{2150E333-8FDC-42A3-9474-1A3956D46DE8}") = "net45", "net45", "{DF03D4E8-38F6-4FE1-BC52-E38124BE8AFD}"
EndProject
Project("{2150E333-8FDC-42A3-9474-1A3956D46DE8}") = "test", "test", "{6317A2E6-8E36-4C3E-949B-3F10EC888AB9}"
EndProject
Project("{FAE04EC0-301F-11D3-BF4B-00C04F79EFBC}") = "Discord.Net.Tests", "Discord.Net\test\Discord.Net.Tests\Discord.Net.Tests.csproj", "{855D6B1D-847B-42DA-BE6A-23683EA89511}"
EndProject
Project("{2150E333-8FDC-42A3-9474-1A3956D46DE8}") = "Solution Items", "Solution Items", "{1BE8AF3F-3CFD-433F-A380-D294A4F617C1}"
	ProjectSection(SolutionItems) = preProject
		.travis.yml = .travis.yml
		Discord.Net\global.json = Discord.Net\global.json
	EndProjectSection
EndProject
Project("{FAE04EC0-301F-11D3-BF4B-00C04F79EFBC}") = "Discord.Net", "Discord.Net\src\Discord.Net.Net45\Discord.Net.csproj", "{8D71A857-879A-4A10-859E-5FF824ED6688}"
EndProject
Project("{FAE04EC0-301F-11D3-BF4B-00C04F79EFBC}") = "Discord.Net.Commands", "Discord.Net\src\Discord.Net.Commands.Net45\Discord.Net.Commands.csproj", "{1B5603B4-6F8F-4289-B945-7BAAE523D740}"
EndProject
Project("{8BB2217D-0F2D-49D1-97BC-3654ED321F3B}") = "Discord.Net.Modules", "Discord.Net\src\Discord.Net.Modules\Discord.Net.Modules.xproj", "{01584E8A-78DA-486F-9EF9-A894E435841B}"
EndProject
Project("{FAE04EC0-301F-11D3-BF4B-00C04F79EFBC}") = "Discord.Net.Modules", "Discord.Net\src\Discord.Net.Modules.Net45\Discord.Net.Modules.csproj", "{3091164F-66AE-4543-A63D-167C1116241D}"
EndProject
Project("{8BB2217D-0F2D-49D1-97BC-3654ED321F3B}") = "Discord.Net.Audio", "Discord.Net\src\Discord.Net.Audio\Discord.Net.Audio.xproj", "{DFF7AFE3-CA77-4109-BADE-B4B49A4F6648}"
EndProject
Project("{D954291E-2A0B-460D-934E-DC6B0785DB48}") = "Discord.Net.Shared", "Discord.Net\src\Discord.Net.Shared\Discord.Net.Shared.shproj", "{2875DEB5-F248-4105-8EA2-5141E3DE8025}"
EndProject
Project("{FAE04EC0-301F-11D3-BF4B-00C04F79EFBC}") = "Discord.Net.Audio", "Discord.Net\src\Discord.Net.Audio.Net45\Discord.Net.Audio.csproj", "{7BFEF748-B934-4621-9B11-6302E3A9F6B3}"
EndProject
Project("{FAE04EC0-301F-11D3-BF4B-00C04F79EFBC}") = "Dba", "LogicProjects\Dba\Dba.csproj", "{449DCF19-4A25-4A2E-A33B-DF38256110A3}"
EndProject
Project("{FAE04EC0-301F-11D3-BF4B-00C04F79EFBC}") = "Logic", "LogicProjects\Logic\Logic.csproj", "{C9C26C8A-7878-4D3A-ABCF-B13340A5DFB2}"
EndProject
Project("{FAE04EC0-301F-11D3-BF4B-00C04F79EFBC}") = "Transmission", "Transmission-RPC-API-CSharp-master\Transmission.API.RPC\Transmission.csproj", "{3D33F97F-993A-4C48-ACDE-43F18EA7341E}"
EndProject
Project("{FAE04EC0-301F-11D3-BF4B-00C04F79EFBC}") = "RuiRuiBot", "RuiRuiBot\RuiRuiBot.csproj", "{2E3F7784-9A45-4610-B855-B8492A01C577}"
EndProject
Project("{FAE04EC0-301F-11D3-BF4B-00C04F79EFBC}") = "RuiRuiConsole", "RuiRuiConsole\RuiRuiConsole.csproj", "{FB8EB867-7A8E-48F9-8287-AF5AE929EB83}"
EndProject
Global
	GlobalSection(SharedMSBuildProjectFiles) = preSolution
		Discord.Net\src\Discord.Net.Shared\Discord.Net.Shared.projitems*{2875deb5-f248-4105-8ea2-5141e3de8025}*SharedItemsImports = 13
		Discord.Net\src\Discord.Net.Shared\Discord.Net.Shared.projitems*{7bfef748-b934-4621-9b11-6302e3a9f6b3}*SharedItemsImports = 4
		Discord.Net\src\Discord.Net.Shared\Discord.Net.Shared.projitems*{1b5603b4-6f8f-4289-b945-7baae523d740}*SharedItemsImports = 4
		Discord.Net\src\Discord.Net.Shared\Discord.Net.Shared.projitems*{3091164f-66ae-4543-a63d-167c1116241d}*SharedItemsImports = 4
		Discord.Net\src\Discord.Net.Shared\Discord.Net.Shared.projitems*{8d71a857-879a-4a10-859e-5ff824ed6688}*SharedItemsImports = 4
	EndGlobalSection
	GlobalSection(SolutionConfigurationPlatforms) = preSolution
		Debug|Any CPU = Debug|Any CPU
		FullDebug|Any CPU = FullDebug|Any CPU
		Release|Any CPU = Release|Any CPU
		ReleasePublish|Any CPU = ReleasePublish|Any CPU
		TestResponses|Any CPU = TestResponses|Any CPU
	EndGlobalSection
	GlobalSection(ProjectConfigurationPlatforms) = postSolution
		{A8195D3F-BEF5-4309-8779-A652E393BBED}.Debug|Any CPU.ActiveCfg = Debug|Any CPU
		{A8195D3F-BEF5-4309-8779-A652E393BBED}.Debug|Any CPU.Build.0 = Debug|Any CPU
		{A8195D3F-BEF5-4309-8779-A652E393BBED}.FullDebug|Any CPU.ActiveCfg = Debug|Any CPU
		{A8195D3F-BEF5-4309-8779-A652E393BBED}.FullDebug|Any CPU.Build.0 = Debug|Any CPU
		{A8195D3F-BEF5-4309-8779-A652E393BBED}.Release|Any CPU.ActiveCfg = Release|Any CPU
		{A8195D3F-BEF5-4309-8779-A652E393BBED}.Release|Any CPU.Build.0 = Release|Any CPU
		{A8195D3F-BEF5-4309-8779-A652E393BBED}.ReleasePublish|Any CPU.ActiveCfg = Release|Any CPU
		{A8195D3F-BEF5-4309-8779-A652E393BBED}.ReleasePublish|Any CPU.Build.0 = Release|Any CPU
		{A8195D3F-BEF5-4309-8779-A652E393BBED}.TestResponses|Any CPU.ActiveCfg = Release|Any CPU
		{A8195D3F-BEF5-4309-8779-A652E393BBED}.TestResponses|Any CPU.Build.0 = Release|Any CPU
		{ACFB060B-EC8A-4926-B293-04C01E17EE23}.Debug|Any CPU.ActiveCfg = Debug|Any CPU
		{ACFB060B-EC8A-4926-B293-04C01E17EE23}.Debug|Any CPU.Build.0 = Debug|Any CPU
		{ACFB060B-EC8A-4926-B293-04C01E17EE23}.FullDebug|Any CPU.ActiveCfg = Debug|Any CPU
		{ACFB060B-EC8A-4926-B293-04C01E17EE23}.FullDebug|Any CPU.Build.0 = Debug|Any CPU
		{ACFB060B-EC8A-4926-B293-04C01E17EE23}.Release|Any CPU.ActiveCfg = Release|Any CPU
		{ACFB060B-EC8A-4926-B293-04C01E17EE23}.Release|Any CPU.Build.0 = Release|Any CPU
		{ACFB060B-EC8A-4926-B293-04C01E17EE23}.ReleasePublish|Any CPU.ActiveCfg = Release|Any CPU
		{ACFB060B-EC8A-4926-B293-04C01E17EE23}.TestResponses|Any CPU.ActiveCfg = Release|Any CPU
		{19793545-EF89-48F4-8100-3EBAAD0A9141}.Debug|Any CPU.ActiveCfg = Debug|Any CPU
		{19793545-EF89-48F4-8100-3EBAAD0A9141}.Debug|Any CPU.Build.0 = Debug|Any CPU
		{19793545-EF89-48F4-8100-3EBAAD0A9141}.FullDebug|Any CPU.ActiveCfg = Debug|Any CPU
		{19793545-EF89-48F4-8100-3EBAAD0A9141}.FullDebug|Any CPU.Build.0 = Debug|Any CPU
		{19793545-EF89-48F4-8100-3EBAAD0A9141}.Release|Any CPU.ActiveCfg = Release|Any CPU
		{19793545-EF89-48F4-8100-3EBAAD0A9141}.Release|Any CPU.Build.0 = Release|Any CPU
		{19793545-EF89-48F4-8100-3EBAAD0A9141}.ReleasePublish|Any CPU.ActiveCfg = Release|Any CPU
		{19793545-EF89-48F4-8100-3EBAAD0A9141}.TestResponses|Any CPU.ActiveCfg = Release|Any CPU
		{855D6B1D-847B-42DA-BE6A-23683EA89511}.Debug|Any CPU.ActiveCfg = Debug|Any CPU
		{855D6B1D-847B-42DA-BE6A-23683EA89511}.Debug|Any CPU.Build.0 = Debug|Any CPU
		{855D6B1D-847B-42DA-BE6A-23683EA89511}.FullDebug|Any CPU.ActiveCfg = Debug|Any CPU
		{855D6B1D-847B-42DA-BE6A-23683EA89511}.FullDebug|Any CPU.Build.0 = Debug|Any CPU
		{855D6B1D-847B-42DA-BE6A-23683EA89511}.Release|Any CPU.ActiveCfg = Release|Any CPU
		{855D6B1D-847B-42DA-BE6A-23683EA89511}.Release|Any CPU.Build.0 = Release|Any CPU
		{855D6B1D-847B-42DA-BE6A-23683EA89511}.ReleasePublish|Any CPU.ActiveCfg = Release|Any CPU
		{855D6B1D-847B-42DA-BE6A-23683EA89511}.TestResponses|Any CPU.ActiveCfg = Release|Any CPU
		{8D71A857-879A-4A10-859E-5FF824ED6688}.Debug|Any CPU.ActiveCfg = Debug|Any CPU
		{8D71A857-879A-4A10-859E-5FF824ED6688}.Debug|Any CPU.Build.0 = Debug|Any CPU
		{8D71A857-879A-4A10-859E-5FF824ED6688}.FullDebug|Any CPU.ActiveCfg = Debug|Any CPU
		{8D71A857-879A-4A10-859E-5FF824ED6688}.FullDebug|Any CPU.Build.0 = Debug|Any CPU
		{8D71A857-879A-4A10-859E-5FF824ED6688}.Release|Any CPU.ActiveCfg = Release|Any CPU
		{8D71A857-879A-4A10-859E-5FF824ED6688}.Release|Any CPU.Build.0 = Release|Any CPU
		{8D71A857-879A-4A10-859E-5FF824ED6688}.ReleasePublish|Any CPU.ActiveCfg = Release|Any CPU
		{8D71A857-879A-4A10-859E-5FF824ED6688}.ReleasePublish|Any CPU.Build.0 = Release|Any CPU
		{8D71A857-879A-4A10-859E-5FF824ED6688}.TestResponses|Any CPU.ActiveCfg = TestResponses|Any CPU
		{8D71A857-879A-4A10-859E-5FF824ED6688}.TestResponses|Any CPU.Build.0 = TestResponses|Any CPU
		{1B5603B4-6F8F-4289-B945-7BAAE523D740}.Debug|Any CPU.ActiveCfg = Debug|Any CPU
		{1B5603B4-6F8F-4289-B945-7BAAE523D740}.Debug|Any CPU.Build.0 = Debug|Any CPU
		{1B5603B4-6F8F-4289-B945-7BAAE523D740}.FullDebug|Any CPU.ActiveCfg = Debug|Any CPU
		{1B5603B4-6F8F-4289-B945-7BAAE523D740}.FullDebug|Any CPU.Build.0 = Debug|Any CPU
		{1B5603B4-6F8F-4289-B945-7BAAE523D740}.Release|Any CPU.ActiveCfg = Release|Any CPU
		{1B5603B4-6F8F-4289-B945-7BAAE523D740}.Release|Any CPU.Build.0 = Release|Any CPU
		{1B5603B4-6F8F-4289-B945-7BAAE523D740}.ReleasePublish|Any CPU.ActiveCfg = Release|Any CPU
		{1B5603B4-6F8F-4289-B945-7BAAE523D740}.ReleasePublish|Any CPU.Build.0 = Release|Any CPU
		{1B5603B4-6F8F-4289-B945-7BAAE523D740}.TestResponses|Any CPU.ActiveCfg = Release|Any CPU
		{1B5603B4-6F8F-4289-B945-7BAAE523D740}.TestResponses|Any CPU.Build.0 = Release|Any CPU
		{01584E8A-78DA-486F-9EF9-A894E435841B}.Debug|Any CPU.ActiveCfg = Debug|Any CPU
		{01584E8A-78DA-486F-9EF9-A894E435841B}.Debug|Any CPU.Build.0 = Debug|Any CPU
		{01584E8A-78DA-486F-9EF9-A894E435841B}.FullDebug|Any CPU.ActiveCfg = Debug|Any CPU
		{01584E8A-78DA-486F-9EF9-A894E435841B}.FullDebug|Any CPU.Build.0 = Debug|Any CPU
		{01584E8A-78DA-486F-9EF9-A894E435841B}.Release|Any CPU.ActiveCfg = Release|Any CPU
		{01584E8A-78DA-486F-9EF9-A894E435841B}.Release|Any CPU.Build.0 = Release|Any CPU
		{01584E8A-78DA-486F-9EF9-A894E435841B}.ReleasePublish|Any CPU.ActiveCfg = Release|Any CPU
		{01584E8A-78DA-486F-9EF9-A894E435841B}.TestResponses|Any CPU.ActiveCfg = Release|Any CPU
		{3091164F-66AE-4543-A63D-167C1116241D}.Debug|Any CPU.ActiveCfg = Debug|Any CPU
		{3091164F-66AE-4543-A63D-167C1116241D}.Debug|Any CPU.Build.0 = Debug|Any CPU
		{3091164F-66AE-4543-A63D-167C1116241D}.FullDebug|Any CPU.ActiveCfg = Debug|Any CPU
		{3091164F-66AE-4543-A63D-167C1116241D}.FullDebug|Any CPU.Build.0 = Debug|Any CPU
		{3091164F-66AE-4543-A63D-167C1116241D}.Release|Any CPU.ActiveCfg = Release|Any CPU
		{3091164F-66AE-4543-A63D-167C1116241D}.Release|Any CPU.Build.0 = Release|Any CPU
		{3091164F-66AE-4543-A63D-167C1116241D}.ReleasePublish|Any CPU.ActiveCfg = Release|Any CPU
		{3091164F-66AE-4543-A63D-167C1116241D}.ReleasePublish|Any CPU.Build.0 = Release|Any CPU
		{3091164F-66AE-4543-A63D-167C1116241D}.TestResponses|Any CPU.ActiveCfg = Release|Any CPU
		{3091164F-66AE-4543-A63D-167C1116241D}.TestResponses|Any CPU.Build.0 = Release|Any CPU
		{DFF7AFE3-CA77-4109-BADE-B4B49A4F6648}.Debug|Any CPU.ActiveCfg = Debug|Any CPU
		{DFF7AFE3-CA77-4109-BADE-B4B49A4F6648}.Debug|Any CPU.Build.0 = Debug|Any CPU
		{DFF7AFE3-CA77-4109-BADE-B4B49A4F6648}.FullDebug|Any CPU.ActiveCfg = Debug|Any CPU
		{DFF7AFE3-CA77-4109-BADE-B4B49A4F6648}.FullDebug|Any CPU.Build.0 = Debug|Any CPU
		{DFF7AFE3-CA77-4109-BADE-B4B49A4F6648}.Release|Any CPU.ActiveCfg = Release|Any CPU
		{DFF7AFE3-CA77-4109-BADE-B4B49A4F6648}.Release|Any CPU.Build.0 = Release|Any CPU
		{DFF7AFE3-CA77-4109-BADE-B4B49A4F6648}.ReleasePublish|Any CPU.ActiveCfg = Release|Any CPU
		{DFF7AFE3-CA77-4109-BADE-B4B49A4F6648}.TestResponses|Any CPU.ActiveCfg = Release|Any CPU
		{7BFEF748-B934-4621-9B11-6302E3A9F6B3}.Debug|Any CPU.ActiveCfg = Debug|Any CPU
		{7BFEF748-B934-4621-9B11-6302E3A9F6B3}.Debug|Any CPU.Build.0 = Debug|Any CPU
		{7BFEF748-B934-4621-9B11-6302E3A9F6B3}.FullDebug|Any CPU.ActiveCfg = Debug|Any CPU
		{7BFEF748-B934-4621-9B11-6302E3A9F6B3}.FullDebug|Any CPU.Build.0 = Debug|Any CPU
		{7BFEF748-B934-4621-9B11-6302E3A9F6B3}.Release|Any CPU.ActiveCfg = Release|Any CPU
		{7BFEF748-B934-4621-9B11-6302E3A9F6B3}.Release|Any CPU.Build.0 = Release|Any CPU
		{7BFEF748-B934-4621-9B11-6302E3A9F6B3}.ReleasePublish|Any CPU.ActiveCfg = Release|Any CPU
		{7BFEF748-B934-4621-9B11-6302E3A9F6B3}.ReleasePublish|Any CPU.Build.0 = Release|Any CPU
		{7BFEF748-B934-4621-9B11-6302E3A9F6B3}.TestResponses|Any CPU.ActiveCfg = Release|Any CPU
		{7BFEF748-B934-4621-9B11-6302E3A9F6B3}.TestResponses|Any CPU.Build.0 = Release|Any CPU
		{449DCF19-4A25-4A2E-A33B-DF38256110A3}.Debug|Any CPU.ActiveCfg = Debug|Any CPU
		{449DCF19-4A25-4A2E-A33B-DF38256110A3}.Debug|Any CPU.Build.0 = Debug|Any CPU
		{449DCF19-4A25-4A2E-A33B-DF38256110A3}.FullDebug|Any CPU.ActiveCfg = Debug|Any CPU
		{449DCF19-4A25-4A2E-A33B-DF38256110A3}.FullDebug|Any CPU.Build.0 = Debug|Any CPU
		{449DCF19-4A25-4A2E-A33B-DF38256110A3}.Release|Any CPU.ActiveCfg = Release|Any CPU
		{449DCF19-4A25-4A2E-A33B-DF38256110A3}.Release|Any CPU.Build.0 = Release|Any CPU
		{449DCF19-4A25-4A2E-A33B-DF38256110A3}.ReleasePublish|Any CPU.ActiveCfg = Release|Any CPU
		{449DCF19-4A25-4A2E-A33B-DF38256110A3}.ReleasePublish|Any CPU.Build.0 = Release|Any CPU
		{449DCF19-4A25-4A2E-A33B-DF38256110A3}.TestResponses|Any CPU.ActiveCfg = Release|Any CPU
		{449DCF19-4A25-4A2E-A33B-DF38256110A3}.TestResponses|Any CPU.Build.0 = Release|Any CPU
		{C9C26C8A-7878-4D3A-ABCF-B13340A5DFB2}.Debug|Any CPU.ActiveCfg = Debug|Any CPU
		{C9C26C8A-7878-4D3A-ABCF-B13340A5DFB2}.Debug|Any CPU.Build.0 = Debug|Any CPU
		{C9C26C8A-7878-4D3A-ABCF-B13340A5DFB2}.FullDebug|Any CPU.ActiveCfg = Debug|Any CPU
		{C9C26C8A-7878-4D3A-ABCF-B13340A5DFB2}.FullDebug|Any CPU.Build.0 = Debug|Any CPU
		{C9C26C8A-7878-4D3A-ABCF-B13340A5DFB2}.Release|Any CPU.ActiveCfg = Release|Any CPU
		{C9C26C8A-7878-4D3A-ABCF-B13340A5DFB2}.Release|Any CPU.Build.0 = Release|Any CPU
		{C9C26C8A-7878-4D3A-ABCF-B13340A5DFB2}.ReleasePublish|Any CPU.ActiveCfg = Release|Any CPU
		{C9C26C8A-7878-4D3A-ABCF-B13340A5DFB2}.ReleasePublish|Any CPU.Build.0 = Release|Any CPU
		{C9C26C8A-7878-4D3A-ABCF-B13340A5DFB2}.TestResponses|Any CPU.ActiveCfg = Release|Any CPU
		{C9C26C8A-7878-4D3A-ABCF-B13340A5DFB2}.TestResponses|Any CPU.Build.0 = Release|Any CPU
		{3D33F97F-993A-4C48-ACDE-43F18EA7341E}.Debug|Any CPU.ActiveCfg = Debug|Any CPU
		{3D33F97F-993A-4C48-ACDE-43F18EA7341E}.Debug|Any CPU.Build.0 = Debug|Any CPU
		{3D33F97F-993A-4C48-ACDE-43F18EA7341E}.FullDebug|Any CPU.ActiveCfg = Debug|Any CPU
		{3D33F97F-993A-4C48-ACDE-43F18EA7341E}.FullDebug|Any CPU.Build.0 = Debug|Any CPU
		{3D33F97F-993A-4C48-ACDE-43F18EA7341E}.Release|Any CPU.ActiveCfg = Release|Any CPU
		{3D33F97F-993A-4C48-ACDE-43F18EA7341E}.Release|Any CPU.Build.0 = Release|Any CPU
		{3D33F97F-993A-4C48-ACDE-43F18EA7341E}.ReleasePublish|Any CPU.ActiveCfg = ReleasePublish|Any CPU
		{3D33F97F-993A-4C48-ACDE-43F18EA7341E}.ReleasePublish|Any CPU.Build.0 = ReleasePublish|Any CPU
		{3D33F97F-993A-4C48-ACDE-43F18EA7341E}.TestResponses|Any CPU.ActiveCfg = ReleasePublish|Any CPU
		{3D33F97F-993A-4C48-ACDE-43F18EA7341E}.TestResponses|Any CPU.Build.0 = ReleasePublish|Any CPU
		{2E3F7784-9A45-4610-B855-B8492A01C577}.Debug|Any CPU.ActiveCfg = Debug|Any CPU
		{2E3F7784-9A45-4610-B855-B8492A01C577}.Debug|Any CPU.Build.0 = Debug|Any CPU
		{2E3F7784-9A45-4610-B855-B8492A01C577}.FullDebug|Any CPU.ActiveCfg = Debug|Any CPU
		{2E3F7784-9A45-4610-B855-B8492A01C577}.FullDebug|Any CPU.Build.0 = Debug|Any CPU
		{2E3F7784-9A45-4610-B855-B8492A01C577}.Release|Any CPU.ActiveCfg = Release|Any CPU
		{2E3F7784-9A45-4610-B855-B8492A01C577}.Release|Any CPU.Build.0 = Release|Any CPU
		{2E3F7784-9A45-4610-B855-B8492A01C577}.ReleasePublish|Any CPU.ActiveCfg = ReleasePublish|Any CPU
		{2E3F7784-9A45-4610-B855-B8492A01C577}.ReleasePublish|Any CPU.Build.0 = ReleasePublish|Any CPU
		{2E3F7784-9A45-4610-B855-B8492A01C577}.TestResponses|Any CPU.ActiveCfg = ReleasePublish|Any CPU
		{2E3F7784-9A45-4610-B855-B8492A01C577}.TestResponses|Any CPU.Build.0 = ReleasePublish|Any CPU
		{FB8EB867-7A8E-48F9-8287-AF5AE929EB83}.Debug|Any CPU.ActiveCfg = Debug|Any CPU
		{FB8EB867-7A8E-48F9-8287-AF5AE929EB83}.Debug|Any CPU.Build.0 = Debug|Any CPU
		{FB8EB867-7A8E-48F9-8287-AF5AE929EB83}.FullDebug|Any CPU.ActiveCfg = Debug|Any CPU
		{FB8EB867-7A8E-48F9-8287-AF5AE929EB83}.FullDebug|Any CPU.Build.0 = Debug|Any CPU
		{FB8EB867-7A8E-48F9-8287-AF5AE929EB83}.Release|Any CPU.ActiveCfg = Release|Any CPU
		{FB8EB867-7A8E-48F9-8287-AF5AE929EB83}.Release|Any CPU.Build.0 = Release|Any CPU
		{FB8EB867-7A8E-48F9-8287-AF5AE929EB83}.ReleasePublish|Any CPU.ActiveCfg = Release|Any CPU
		{FB8EB867-7A8E-48F9-8287-AF5AE929EB83}.ReleasePublish|Any CPU.Build.0 = Release|Any CPU
		{FB8EB867-7A8E-48F9-8287-AF5AE929EB83}.TestResponses|Any CPU.ActiveCfg = Release|Any CPU
		{FB8EB867-7A8E-48F9-8287-AF5AE929EB83}.TestResponses|Any CPU.Build.0 = Release|Any CPU
	EndGlobalSection
	GlobalSection(SolutionProperties) = preSolution
		HideSolutionNode = FALSE
	EndGlobalSection
	GlobalSection(NestedProjects) = preSolution
		{8D7989F0-66CE-4DBB-8230-D8C811E9B1D7} = {77733061-E122-471C-94FB-D85556BF6D0D}
		{EA68EBE2-51C8-4440-9EF7-D633C90A5D35} = {8D7989F0-66CE-4DBB-8230-D8C811E9B1D7}
		{ACFB060B-EC8A-4926-B293-04C01E17EE23} = {EA68EBE2-51C8-4440-9EF7-D633C90A5D35}
		{19793545-EF89-48F4-8100-3EBAAD0A9141} = {EA68EBE2-51C8-4440-9EF7-D633C90A5D35}
		{DF03D4E8-38F6-4FE1-BC52-E38124BE8AFD} = {8D7989F0-66CE-4DBB-8230-D8C811E9B1D7}
		{6317A2E6-8E36-4C3E-949B-3F10EC888AB9} = {77733061-E122-471C-94FB-D85556BF6D0D}
		{855D6B1D-847B-42DA-BE6A-23683EA89511} = {6317A2E6-8E36-4C3E-949B-3F10EC888AB9}
		{1BE8AF3F-3CFD-433F-A380-D294A4F617C1} = {77733061-E122-471C-94FB-D85556BF6D0D}
		{8D71A857-879A-4A10-859E-5FF824ED6688} = {DF03D4E8-38F6-4FE1-BC52-E38124BE8AFD}
		{1B5603B4-6F8F-4289-B945-7BAAE523D740} = {DF03D4E8-38F6-4FE1-BC52-E38124BE8AFD}
		{01584E8A-78DA-486F-9EF9-A894E435841B} = {EA68EBE2-51C8-4440-9EF7-D633C90A5D35}
		{3091164F-66AE-4543-A63D-167C1116241D} = {DF03D4E8-38F6-4FE1-BC52-E38124BE8AFD}
		{DFF7AFE3-CA77-4109-BADE-B4B49A4F6648} = {EA68EBE2-51C8-4440-9EF7-D633C90A5D35}
		{2875DEB5-F248-4105-8EA2-5141E3DE8025} = {DF03D4E8-38F6-4FE1-BC52-E38124BE8AFD}
		{7BFEF748-B934-4621-9B11-6302E3A9F6B3} = {DF03D4E8-38F6-4FE1-BC52-E38124BE8AFD}
		{449DCF19-4A25-4A2E-A33B-DF38256110A3} = {061586D2-8115-4885-9381-97AA846188E3}
		{C9C26C8A-7878-4D3A-ABCF-B13340A5DFB2} = {061586D2-8115-4885-9381-97AA846188E3}
		{3D33F97F-993A-4C48-ACDE-43F18EA7341E} = {061586D2-8115-4885-9381-97AA846188E3}
		{2E3F7784-9A45-4610-B855-B8492A01C577} = {3EC6C2A6-3541-42C2-976B-BD8BD305E971}
		{FB8EB867-7A8E-48F9-8287-AF5AE929EB83} = {3EC6C2A6-3541-42C2-976B-BD8BD305E971}
	EndGlobalSection
EndGlobal
